
Microsoft Visual Studio Solution File, Format Version 12.00
# Visual Studio 15
VisualStudioVersion = 15.0.28307.902
MinimumVisualStudioVersion = 10.0.40219.1
Project("{FAE04EC0-301F-11D3-BF4B-00C04F79EFBC}") = "Testowy.Domain", "Testowy.Domain\Testowy.Domain.csproj", "{3FBFAD5D-A3CC-4BCD-9574-6AB658BA7382}"
EndProject
Project("{FAE04EC0-301F-11D3-BF4B-00C04F79EFBC}") = "ProjektTestowy", "ProjektTestowy\ProjektTestowy.csproj", "{BA1C3B81-8687-42A6-9B82-5818A3ABDBFB}"
EndProject
Project("{FAE04EC0-301F-11D3-BF4B-00C04F79EFBC}") = "DbService", "DbService\DbService.csproj", "{50090865-ACA3-4568-8E24-9D4BC1051CF3}"
EndProject
Project("{FAE04EC0-301F-11D3-BF4B-00C04F79EFBC}") = "Tools", "Tools\Tools.csproj", "{C6890DA2-04B4-429D-8238-6DD0976D20AE}"
EndProject
Project("{FAE04EC0-301F-11D3-BF4B-00C04F79EFBC}") = "Testowy.Tests", "Testowy.Tests\Testowy.Tests.csproj", "{9E955DBE-2614-491E-BE98-E422B3627088}"
EndProject
Global
	GlobalSection(SolutionConfigurationPlatforms) = preSolution
		Debug|Any CPU = Debug|Any CPU
		Release|Any CPU = Release|Any CPU
	EndGlobalSection
	GlobalSection(ProjectConfigurationPlatforms) = postSolution
		{3FBFAD5D-A3CC-4BCD-9574-6AB658BA7382}.Debug|Any CPU.ActiveCfg = Debug|Any CPU
		{3FBFAD5D-A3CC-4BCD-9574-6AB658BA7382}.Debug|Any CPU.Build.0 = Debug|Any CPU
		{3FBFAD5D-A3CC-4BCD-9574-6AB658BA7382}.Release|Any CPU.ActiveCfg = Release|Any CPU
		{3FBFAD5D-A3CC-4BCD-9574-6AB658BA7382}.Release|Any CPU.Build.0 = Release|Any CPU
		{BA1C3B81-8687-42A6-9B82-5818A3ABDBFB}.Debug|Any CPU.ActiveCfg = Debug|Any CPU
		{BA1C3B81-8687-42A6-9B82-5818A3ABDBFB}.Debug|Any CPU.Build.0 = Debug|Any CPU
		{BA1C3B81-8687-42A6-9B82-5818A3ABDBFB}.Release|Any CPU.ActiveCfg = Release|Any CPU
		{BA1C3B81-8687-42A6-9B82-5818A3ABDBFB}.Release|Any CPU.Build.0 = Release|Any CPU
		{50090865-ACA3-4568-8E24-9D4BC1051CF3}.Debug|Any CPU.ActiveCfg = Debug|Any CPU
		{50090865-ACA3-4568-8E24-9D4BC1051CF3}.Debug|Any CPU.Build.0 = Debug|Any CPU
		{50090865-ACA3-4568-8E24-9D4BC1051CF3}.Release|Any CPU.ActiveCfg = Release|Any CPU
		{50090865-ACA3-4568-8E24-9D4BC1051CF3}.Release|Any CPU.Build.0 = Release|Any CPU
		{C6890DA2-04B4-429D-8238-6DD0976D20AE}.Debug|Any CPU.ActiveCfg = Debug|Any CPU
		{C6890DA2-04B4-429D-8238-6DD0976D20AE}.Debug|Any CPU.Build.0 = Debug|Any CPU
		{C6890DA2-04B4-429D-8238-6DD0976D20AE}.Release|Any CPU.ActiveCfg = Release|Any CPU
		{C6890DA2-04B4-429D-8238-6DD0976D20AE}.Release|Any CPU.Build.0 = Release|Any CPU
		{9E955DBE-2614-491E-BE98-E422B3627088}.Debug|Any CPU.ActiveCfg = Debug|Any CPU
		{9E955DBE-2614-491E-BE98-E422B3627088}.Debug|Any CPU.Build.0 = Debug|Any CPU
		{9E955DBE-2614-491E-BE98-E422B3627088}.Release|Any CPU.ActiveCfg = Release|Any CPU
		{9E955DBE-2614-491E-BE98-E422B3627088}.Release|Any CPU.Build.0 = Release|Any CPU
	EndGlobalSection
	GlobalSection(SolutionProperties) = preSolution
		HideSolutionNode = FALSE
	EndGlobalSection
	GlobalSection(ExtensibilityGlobals) = postSolution
		SolutionGuid = {F12EB55B-B70D-4677-8054-C500EED62714}
	EndGlobalSection
EndGlobal
